
Microsoft Visual Studio Solution File, Format Version 12.00
# Visual Studio Version 16
VisualStudioVersion = 16.0.29418.71
MinimumVisualStudioVersion = 10.0.40219.1
Project("{9A19103F-16F7-4668-BE54-9A1E7A4F7556}") = "smarthack", "smarthack.csproj", "{9EE50B3B-B19B-445F-A84C-2CF56693F570}"
EndProject
Global
	GlobalSection(SolutionConfigurationPlatforms) = preSolution
		Debug|Any CPU = Debug|Any CPU
		Release|Any CPU = Release|Any CPU
	EndGlobalSection
	GlobalSection(ProjectConfigurationPlatforms) = postSolution
		{9EE50B3B-B19B-445F-A84C-2CF56693F570}.Debug|Any CPU.ActiveCfg = Debug|Any CPU
		{9EE50B3B-B19B-445F-A84C-2CF56693F570}.Debug|Any CPU.Build.0 = Debug|Any CPU
		{9EE50B3B-B19B-445F-A84C-2CF56693F570}.Release|Any CPU.ActiveCfg = Release|Any CPU
		{9EE50B3B-B19B-445F-A84C-2CF56693F570}.Release|Any CPU.Build.0 = Release|Any CPU
	EndGlobalSection
	GlobalSection(SolutionProperties) = preSolution
		HideSolutionNode = FALSE
	EndGlobalSection
	GlobalSection(ExtensibilityGlobals) = postSolution
		SolutionGuid = {D915B8F2-4C7C-4E21-82DE-51EF26048BE6}
	EndGlobalSection
EndGlobal
